lockfileVersion: '9.0'

settings:
  autoInstallPeers: true
  excludeLinksFromLockfile: false

importers:

  .: {}

  packages/cli:
    devDependencies:
      typescript:
        specifier: ^5.5.3
        version: 5.5.3

  packages/core:
    devDependencies:
      typescript:
        specifier: ^5.5.3
        version: 5.5.3

packages:

  typescript@5.5.3:
    resolution: {integrity: sha512-/hreyEujaB0w76zKo6717l3L0o/qEUtRgdvUBvlkhoWeOVMjMuHNHk0BRBzikzuGDqNmPQbg5ifMEqsHLiIUcQ==}
    engines: {node: '>=14.17'}
    hasBin: true

snapshots:

  typescript@5.5.3: {}
